PODS:
  - Alamofire (5.1.0)
  - HandyJSON (5.0.1)
  - SnapKit (5.0.1)
  - SwiftyJSON (5.0.0)

DEPENDENCIES:
  - Alamofire (~> 5.1.0)
  - HandyJSON (~> 5.0.1)
  - SnapKit (~> 5.0.1)
  - SwiftyJSON (~> 5.0.0)

SPEC REPOS:
  https://github.com/CocoaPods/Specs.git:
    - Alamofire
    - HandyJSON
    - SnapKit
    - SwiftyJSON

SPEC CHECKSUMS:
  Alamofire: 9d5c5f602928e512395b30950c5984eca840093c
  HandyJSON: d45b8415c501e3affc59ca9762c1197ff0feb646
  SnapKit: 97b92857e3df3a0c71833cce143274bf6ef8e5eb
  SwiftyJSON: 36413e04c44ee145039d332b4f4e2d3e8d6c4db7

PODFILE CHECKSUM: 64888588a37f33c6c4ac0cb9e510da08430540e6

COCOAPODS: 1.9.1
